
Microsoft Visual Studio Solution File, Format Version 12.00
# Visual Studio 15
VisualStudioVersion = 15.0.28307.1209
MinimumVisualStudioVersion = 10.0.40219.1
Project("{FAE04EC0-301F-11D3-BF4B-00C04F79EFBC}") = "WebApp", "WebApp\WebApp.csproj", "{388F56D2-F76C-403D-A127-DFEE8C1485C1}"
EndProject
Global
	GlobalSection(SolutionConfigurationPlatforms) = preSolution
		Debug|Any CPU = Debug|Any CPU
		Release|Any CPU = Release|Any CPU
	EndGlobalSection
	GlobalSection(ProjectConfigurationPlatforms) = postSolution
		{388F56D2-F76C-403D-A127-DFEE8C1485C1}.Debug|Any CPU.ActiveCfg = Debug|Any CPU
		{388F56D2-F76C-403D-A127-DFEE8C1485C1}.Debug|Any CPU.Build.0 = Debug|Any CPU
		{388F56D2-F76C-403D-A127-DFEE8C1485C1}.Release|Any CPU.ActiveCfg = Release|Any CPU
		{388F56D2-F76C-403D-A127-DFEE8C1485C1}.Release|Any CPU.Build.0 = Release|Any CPU
	EndGlobalSection
	GlobalSection(SolutionProperties) = preSolution
		HideSolutionNode = FALSE
	EndGlobalSection
	GlobalSection(ExtensibilityGlobals) = postSolution
		SolutionGuid = {417EE1F8-0412-4C61-A633-DD4CA2D4A4B7}
	EndGlobalSection
EndGlobal
